
Microsoft Visual Studio Solution File, Format Version 12.00
# Visual Studio Version 16
VisualStudioVersion = 16.0.30413.136
MinimumVisualStudioVersion = 10.0.40219.1
Project("{FAE04EC0-301F-11D3-BF4B-00C04F79EFBC}") = "karl_assign1_pong", "karl_assign1_pong\karl_assign1_pong.csproj", "{AD36100F-6565-4316-8AF2-F365B9156702}"
EndProject
Global
	GlobalSection(SolutionConfigurationPlatforms) = preSolution
		Debug|Any CPU = Debug|Any CPU
		Release|Any CPU = Release|Any CPU
	EndGlobalSection
	GlobalSection(ProjectConfigurationPlatforms) = postSolution
		{AD36100F-6565-4316-8AF2-F365B9156702}.Debug|Any CPU.ActiveCfg = Debug|Any CPU
		{AD36100F-6565-4316-8AF2-F365B9156702}.Debug|Any CPU.Build.0 = Debug|Any CPU
		{AD36100F-6565-4316-8AF2-F365B9156702}.Release|Any CPU.ActiveCfg = Release|Any CPU
		{AD36100F-6565-4316-8AF2-F365B9156702}.Release|Any CPU.Build.0 = Release|Any CPU
	EndGlobalSection
	GlobalSection(SolutionProperties) = preSolution
		HideSolutionNode = FALSE
	EndGlobalSection
	GlobalSection(ExtensibilityGlobals) = postSolution
		SolutionGuid = {F4D453B1-5709-48A7-9472-1B3814EC598F}
	EndGlobalSection
EndGlobal
